{
  "name": "solution",
  "version": "1.0.0",
  "lockfileVersion": 1,
  "requires": true,
  "dependencies": {
    "mute-stream": {
      "version": "0.0.7",
      "resolved": "https://registry.npmjs.org/mute-stream/-/mute-stream-0.0.7.tgz",
      "integrity": "sha1-MHXOk7whuPq0PhvE2n6BFe0ee6s="
    },
    "pify": {
      "version": "3.0.0",
      "resolved": "https://registry.npmjs.org/pify/-/pify-3.0.0.tgz",
      "integrity": "sha1-5aSs0sEB/fPZpNB/DbxNtJ3SgXY="
    },
    "promptly": {
      "version": "3.0.3",
      "resolved": "https://registry.npmjs.org/promptly/-/promptly-3.0.3.tgz",
      "integrity": "sha512-EWnzOsxVKUjqKeE6SStH1/cO4+DE44QolaoJ4ojGd9z6pcNkpgfJKr1ncwxrOFHSTIzoudo7jG8y0re30/LO1g==",
      "requires": {
        "pify": "^3.0.0",
        "read": "^1.0.4"
      }
    },
    "read": {
      "version": "1.0.7",
      "resolved": "https://registry.npmjs.org/read/-/read-1.0.7.tgz",
      "integrity": "sha1-s9oZvQUkMal2cdRKQmNK33ELQMQ=",
      "requires": {
        "mute-stream": "~0.0.4"
      }
    }
  }
}
